
Microsoft Visual Studio Solution File, Format Version 12.00
# Visual Studio Version 17
VisualStudioVersion = 17.10.34928.147
MinimumVisualStudioVersion = 10.0.40219.1
Project("{FAE04EC0-301F-11D3-BF4B-00C04F79EFBC}") = "HanoiTower", "HanoiTower\HanoiTower.csproj", "{6141C666-74A7-4964-8407-E177BAA10911}"
EndProject
Global
	GlobalSection(SolutionConfigurationPlatforms) = preSolution
		Debug|Any CPU = Debug|Any CPU
		Release|Any CPU = Release|Any CPU
	EndGlobalSection
	GlobalSection(ProjectConfigurationPlatforms) = postSolution
		{6141C666-74A7-4964-8407-E177BAA10911}.Debug|Any CPU.ActiveCfg = Debug|Any CPU
		{6141C666-74A7-4964-8407-E177BAA10911}.Debug|Any CPU.Build.0 = Debug|Any CPU
		{6141C666-74A7-4964-8407-E177BAA10911}.Release|Any CPU.ActiveCfg = Release|Any CPU
		{6141C666-74A7-4964-8407-E177BAA10911}.Release|Any CPU.Build.0 = Release|Any CPU
	EndGlobalSection
	GlobalSection(SolutionProperties) = preSolution
		HideSolutionNode = FALSE
	EndGlobalSection
	GlobalSection(ExtensibilityGlobals) = postSolution
		SolutionGuid = {E7C48B94-B090-41BF-8DDC-A0971B4E73A1}
	EndGlobalSection
EndGlobal
